Microsoft Visual Studio Solution File, Format Version 12.00
# Visual Studio Version 17
VisualStudioVersion = 17.5.2.0
MinimumVisualStudioVersion = 10.0.40219.1
Project("{FAE04EC0-301F-11D3-BF4B-00C04F79EFBC}") = "SmartSuplementos", "SmartSuplementos.csproj", "{6C483FFB-AEAD-5C05-C211-6EC9D87228C8}"
EndProject
Global
	GlobalSection(SolutionConfigurationPlatforms) = preSolution
		Debug|Any CPU = Debug|Any CPU
		Release|Any CPU = Release|Any CPU
	EndGlobalSection
	GlobalSection(ProjectConfigurationPlatforms) = postSolution
		{6C483FFB-AEAD-5C05-C211-6EC9D87228C8}.Debug|Any CPU.ActiveCfg = Debug|Any CPU
		{6C483FFB-AEAD-5C05-C211-6EC9D87228C8}.Debug|Any CPU.Build.0 = Debug|Any CPU
		{6C483FFB-AEAD-5C05-C211-6EC9D87228C8}.Release|Any CPU.ActiveCfg = Release|Any CPU
		{6C483FFB-AEAD-5C05-C211-6EC9D87228C8}.Release|Any CPU.Build.0 = Release|Any CPU
	EndGlobalSection
	GlobalSection(SolutionProperties) = preSolution
		HideSolutionNode = FALSE
	EndGlobalSection
	GlobalSection(ExtensibilityGlobals) = postSolution
		SolutionGuid = {D1397F4D-9ADC-4B15-A7CD-87B7958E9061}
	EndGlobalSection
EndGlobal
